
Microsoft Visual Studio Solution File, Format Version 12.00
# Visual Studio Version 17
VisualStudioVersion = 17.8.34525.116
MinimumVisualStudioVersion = 10.0.40219.1
Project("{FAE04EC0-301F-11D3-BF4B-00C04F79EFBC}") = "SalesWebMvc", "SalesWebMvc\SalesWebMvc.csproj", "{F3FBBC8C-4F37-4E8E-B8C1-7869408F0ADC}"
EndProject
Global
	GlobalSection(SolutionConfigurationPlatforms) = preSolution
		Debug|Any CPU = Debug|Any CPU
		Release|Any CPU = Release|Any CPU
	EndGlobalSection
	GlobalSection(ProjectConfigurationPlatforms) = postSolution
		{F3FBBC8C-4F37-4E8E-B8C1-7869408F0ADC}.Debug|Any CPU.ActiveCfg = Debug|Any CPU
		{F3FBBC8C-4F37-4E8E-B8C1-7869408F0ADC}.Debug|Any CPU.Build.0 = Debug|Any CPU
		{F3FBBC8C-4F37-4E8E-B8C1-7869408F0ADC}.Release|Any CPU.ActiveCfg = Release|Any CPU
		{F3FBBC8C-4F37-4E8E-B8C1-7869408F0ADC}.Release|Any CPU.Build.0 = Release|Any CPU
	EndGlobalSection
	GlobalSection(SolutionProperties) = preSolution
		HideSolutionNode = FALSE
	EndGlobalSection
	GlobalSection(ExtensibilityGlobals) = postSolution
		SolutionGuid = {1ED9A1C0-20A8-4121-B0A8-151A7B766816}
	EndGlobalSection
EndGlobal
